
Microsoft Visual Studio Solution File, Format Version 12.00
# Visual Studio Version 17
VisualStudioVersion = 17.7.34221.43
MinimumVisualStudioVersion = 10.0.40219.1
Project("{FAE04EC0-301F-11D3-BF4B-00C04F79EFBC}") = "Examen3_JoseValerio", "Examen3_JoseValerio\Examen3_JoseValerio.csproj", "{19C6D56A-90DA-4CE2-9EB3-77B74705250F}"
EndProject
Global
	GlobalSection(SolutionConfigurationPlatforms) = preSolution
		Debug|Any CPU = Debug|Any CPU
		Release|Any CPU = Release|Any CPU
	EndGlobalSection
	GlobalSection(ProjectConfigurationPlatforms) = postSolution
		{19C6D56A-90DA-4CE2-9EB3-77B74705250F}.Debug|Any CPU.ActiveCfg = Debug|Any CPU
		{19C6D56A-90DA-4CE2-9EB3-77B74705250F}.Debug|Any CPU.Build.0 = Debug|Any CPU
		{19C6D56A-90DA-4CE2-9EB3-77B74705250F}.Release|Any CPU.ActiveCfg = Release|Any CPU
		{19C6D56A-90DA-4CE2-9EB3-77B74705250F}.Release|Any CPU.Build.0 = Release|Any CPU
	EndGlobalSection
	GlobalSection(SolutionProperties) = preSolution
		HideSolutionNode = FALSE
	EndGlobalSection
	GlobalSection(ExtensibilityGlobals) = postSolution
		SolutionGuid = {D9E37860-EA69-4EA3-81D2-E6368A4FD1A4}
	EndGlobalSection
EndGlobal
